# This file is automatically @generated by Cargo.
# It is not intended for manual editing.
version = 3

[[package]]
name = "binary_search"
version = "0.1.0"

[[package]]
name = "find_max_size_square_plots"
version = "0.1.0"

[[package]]
name = "graph"
version = "0.1.0"

[[package]]
name = "hash_table"
version = "0.1.0"

[[package]]
name = "n_125_valid_palindrome"
version = "0.1.0"

[[package]]
name = "n_9_palindrome_number"
version = "0.1.0"

[[package]]
name = "quicksort"
version = "0.1.0"

[[package]]
name = "selection_sort"
version = "0.1.0"

[[package]]
name = "sum_array"
version = "0.1.0"
